
Microsoft Visual Studio Solution File, Format Version 12.00
# Visual Studio Version 16
VisualStudioVersion = 16.0.31005.135
MinimumVisualStudioVersion = 10.0.40219.1
Project("{9A19103F-16F7-4668-BE54-9A1E7A4F7556}") = "EmployeeManagement.Models", "EmployeeManagement.Models\EmployeeManagement.Models.csproj", "{11F1DA50-FA84-4005-A9C1-05CE27326EC1}"
EndProject
Project("{9A19103F-16F7-4668-BE54-9A1E7A4F7556}") = "EmployeeManagement.Web", "EmployeeManagement.Web\EmployeeManagement.Web.csproj", "{607A630A-C3D2-478E-88FA-1362B4A0AF54}"
EndProject
Project("{FAE04EC0-301F-11D3-BF4B-00C04F79EFBC}") = "EmployeeManagement.Api", "EmployeeManagement.Api\EmployeeManagement.Api.csproj", "{DD52E624-52E5-42BA-911E-304F5072B392}"
EndProject
Global
	GlobalSection(SolutionConfigurationPlatforms) = preSolution
		Debug|Any CPU = Debug|Any CPU
		Release|Any CPU = Release|Any CPU
	EndGlobalSection
	GlobalSection(ProjectConfigurationPlatforms) = postSolution
		{11F1DA50-FA84-4005-A9C1-05CE27326EC1}.Debug|Any CPU.ActiveCfg = Debug|Any CPU
		{11F1DA50-FA84-4005-A9C1-05CE27326EC1}.Debug|Any CPU.Build.0 = Debug|Any CPU
		{11F1DA50-FA84-4005-A9C1-05CE27326EC1}.Release|Any CPU.ActiveCfg = Release|Any CPU
		{11F1DA50-FA84-4005-A9C1-05CE27326EC1}.Release|Any CPU.Build.0 = Release|Any CPU
		{607A630A-C3D2-478E-88FA-1362B4A0AF54}.Debug|Any CPU.ActiveCfg = Debug|Any CPU
		{607A630A-C3D2-478E-88FA-1362B4A0AF54}.Debug|Any CPU.Build.0 = Debug|Any CPU
		{607A630A-C3D2-478E-88FA-1362B4A0AF54}.Release|Any CPU.ActiveCfg = Release|Any CPU
		{607A630A-C3D2-478E-88FA-1362B4A0AF54}.Release|Any CPU.Build.0 = Release|Any CPU
		{DD52E624-52E5-42BA-911E-304F5072B392}.Debug|Any CPU.ActiveCfg = Debug|Any CPU
		{DD52E624-52E5-42BA-911E-304F5072B392}.Debug|Any CPU.Build.0 = Debug|Any CPU
		{DD52E624-52E5-42BA-911E-304F5072B392}.Release|Any CPU.ActiveCfg = Release|Any CPU
		{DD52E624-52E5-42BA-911E-304F5072B392}.Release|Any CPU.Build.0 = Release|Any CPU
	EndGlobalSection
	GlobalSection(SolutionProperties) = preSolution
		HideSolutionNode = FALSE
	EndGlobalSection
	GlobalSection(ExtensibilityGlobals) = postSolution
		SolutionGuid = {3CDC0A50-ED32-4323-9513-5422628D3782}
	EndGlobalSection
EndGlobal
